{
  "name": "@doce/server",
  "version": "1.0.0",
  "lockfileVersion": 1,
  "requires": true,
  "dependencies": {
    "@feathersjs/adapter-commons": {
      "version": "4.3.2",
      "resolved": "https://registry.npm.taobao.org/@feathersjs/adapter-commons/download/@feathersjs/adapter-commons-4.3.2.tgz",
      "integrity": "sha1-/YKy1ppGyG3teYMeHlGwUOTxT/0=",
      "requires": {
        "@feathersjs/commons": "^4.3.0",
        "@feathersjs/errors": "^4.3.2",
        "@feathersjs/feathers": "^4.3.2"
      }
    },
    "@feathersjs/commons": {
      "version": "4.3.0",
      "resolved": "https://registry.npm.taobao.org/@feathersjs/commons/download/@feathersjs/commons-4.3.0.tgz",
      "integrity": "sha1-awmTrHkDgqoo7IoTjz6RUBlztBg="
    },
    "@feathersjs/errors": {
      "version": "4.3.2",
      "resolved": "https://registry.npm.taobao.org/@feathersjs/errors/download/@feathersjs/errors-4.3.2.tgz",
      "integrity": "sha1-QJ3UM4YgR6roZLccPZNSN5x6a2c=",
      "requires": {
        "debug": "^4.1.1"
      }
    },
    "@feathersjs/feathers": {
      "version": "4.3.2",
      "resolved": "https://registry.npm.taobao.org/@feathersjs/feathers/download/@feathersjs/feathers-4.3.2.tgz",
      "integrity": "sha1-GR/a6Et5ojxhDqVqZbg5V8RuQD8=",
      "requires": {
        "@feathersjs/commons": "^4.3.0",
        "debug": "^4.1.1",
        "events": "^3.0.0",
        "uberproto": "^2.0.4"
      }
    },
    "debug": {
      "version": "4.1.1",
      "resolved": "https://registry.npm.taobao.org/debug/download/debug-4.1.1.tgz",
      "integrity": "sha1-O3ImAlUQnGtYnO4FDx1RYTlmR5E=",
      "requires": {
        "ms": "^2.1.1"
      }
    },
    "events": {
      "version": "3.0.0",
      "resolved": "https://registry.npm.taobao.org/events/download/events-3.0.0.tgz",
      "integrity": "sha1-mgoN+vYok9krh1uPJpjKQRSXPog="
    },
    "feathers-mongodb": {
      "version": "5.0.0",
      "resolved": "https://registry.npm.taobao.org/feathers-mongodb/download/feathers-mongodb-5.0.0.tgz",
      "integrity": "sha1-cj8ssVOIr31I503dUhuY9IBYELM=",
      "requires": {
        "@feathersjs/adapter-commons": "^4.0.0-pre.4",
        "@feathersjs/commons": "^4.0.0-pre.4",
        "@feathersjs/errors": "^4.0.0-pre.4"
      }
    },
    "ms": {
      "version": "2.1.2",
      "resolved": "https://registry.npm.taobao.org/ms/download/ms-2.1.2.tgz",
      "integrity": "sha1-0J0fNXtEP0kzgqjrPM0YOHKuYAk="
    },
    "uberproto": {
      "version": "2.0.4",
      "resolved": "https://registry.npm.taobao.org/uberproto/download/uberproto-2.0.4.tgz",
      "integrity": "sha1-8hW8wifBuP2PzNjXAbnJbdcf+F0="
    }
  }
}
